
Microsoft Visual Studio Solution File, Format Version 12.00
# Visual Studio Version 17
VisualStudioVersion = 17.1.32210.238
MinimumVisualStudioVersion = 10.0.40219.1
Project("{FAE04EC0-301F-11D3-BF4B-00C04F79EFBC}") = "ECommerce", "ECommerce\ECommerce.csproj", "{2B7112AF-8969-4077-BF64-F0405B7B387C}"
EndProject
Global
	GlobalSection(SolutionConfigurationPlatforms) = preSolution
		Debug|Any CPU = Debug|Any CPU
		Release|Any CPU = Release|Any CPU
	EndGlobalSection
	GlobalSection(ProjectConfigurationPlatforms) = postSolution
		{2B7112AF-8969-4077-BF64-F0405B7B387C}.Debug|Any CPU.ActiveCfg = Debug|Any CPU
		{2B7112AF-8969-4077-BF64-F0405B7B387C}.Debug|Any CPU.Build.0 = Debug|Any CPU
		{2B7112AF-8969-4077-BF64-F0405B7B387C}.Release|Any CPU.ActiveCfg = Release|Any CPU
		{2B7112AF-8969-4077-BF64-F0405B7B387C}.Release|Any CPU.Build.0 = Release|Any CPU
	EndGlobalSection
	GlobalSection(SolutionProperties) = preSolution
		HideSolutionNode = FALSE
	EndGlobalSection
	GlobalSection(ExtensibilityGlobals) = postSolution
		SolutionGuid = {50ADF840-BE24-41C8-9FDC-37DC6813605E}
	EndGlobalSection
EndGlobal
